<?xml version="1.0" encoding="utf-8"?>
<Project ToolsVersion="4.0" xmlns="http://schemas.microsoft.com/developer/msbuild/2003">
  <ItemGroup>
    <Filter Include="Source Files">
      <UniqueIdentifier>{4FC737F1-C7A5-4376-A066-2A32D752A2FF}</UniqueIdentifier>
      <Extensions>cpp;c;cc;cxx;c++;cppm;ixx;def;odl;idl;hpj;bat;asm;asmx</Extensions>
    </Filter>
    <Filter Include="Header Files">
      <UniqueIdentifier>{93995380-89BD-4b04-88EB-625FBE52EBFB}</UniqueIdentifier>
      <Extensions>h;hh;hpp;hxx;h++;hm;inl;inc;ipp;xsd</Extensions>
    </Filter>
    <Filter Include="Resource Files">
      <UniqueIdentifier>{67DA6AB6-F800-4c08-8B7A-83BB121AAD01}</UniqueIdentifier>
      <Extensions>rc;ico;cur;bmp;dlg;rc2;rct;bin;rgs;gif;jpg;jpeg;jpe;resx;tiff;tif;png;wav;mfcribbon-ms</Extensions>
    </Filter>
    <Filter Include="Header Files\aarch64">
      <UniqueIdentifier>{7c0e148e-a2fd-4876-9f49-7704b04eb3d7}</UniqueIdentifier>
    </Filter>
    <Filter Include="Header Files\amd64">
      <UniqueIdentifier>{36bb7518-dce6-4715-b7f2-35004f62e017}</UniqueIdentifier>
    </Filter>
    <Filter Include="Header Files\compiler">
      <UniqueIdentifier>{3130a2b2-232f-4be5-89b6-9260d53bba51}</UniqueIdentifier>
    </Filter>
    <Filter Include="Header Files\generic">
      <UniqueIdentifier>{bad83953-6fc7-422a-ab69-64ef89960c09}</UniqueIdentifier>
    </Filter>
    <Filter Include="Header Files\x86">
      <UniqueIdentifier>{5189e944-0115-4f24-92fc-a96ac1044ef5}</UniqueIdentifier>
    </Filter>
    <Filter Include="Source Files\aarch64">
      <UniqueIdentifier>{23c8e099-0a3e-47db-b839-00c094d93422}</UniqueIdentifier>
    </Filter>
    <Filter Include="Source Files\aarch64\neon">
      <UniqueIdentifier>{947ffa1b-5b30-4c03-9037-f6e5420d7c27}</UniqueIdentifier>
    </Filter>
    <Filter Include="Source Files\amd64">
      <UniqueIdentifier>{fd035c1b-375d-4ffa-858b-45827ad80312}</UniqueIdentifier>
    </Filter>
    <Filter Include="Source Files\amd64\avx">
      <UniqueIdentifier>{414d5cdf-10d4-4e94-ae25-d50e44125c50}</UniqueIdentifier>
    </Filter>
    <Filter Include="Source Files\amd64\avx512f">
      <UniqueIdentifier>{007806af-bf1a-4d4d-917a-e8a02621f523}</UniqueIdentifier>
    </Filter>
    <Filter Include="Source Files\amd64\fma3">
      <UniqueIdentifier>{c61800b8-f460-4adc-9351-6f9276ed0fff}</UniqueIdentifier>
    </Filter>
    <Filter Include="Source Files\compiler">
      <UniqueIdentifier>{162ec2ab-1583-4de9-82bf-e195f1c3aedb}</UniqueIdentifier>
    </Filter>
    <Filter Include="Source Files\generic">
      <UniqueIdentifier>{051e99a9-ef71-4328-947a-4b62bd743184}</UniqueIdentifier>
    </Filter>
    <Filter Include="Source Files\x86">
      <UniqueIdentifier>{57e9d488-b4e9-464f-9eda-e084eaf39af2}</UniqueIdentifier>
    </Filter>
    <Filter Include="Source Files\x86\sse2">
      <UniqueIdentifier>{7c286132-4ced-40ef-a448-aae62ca41b9f}</UniqueIdentifier>
    </Filter>
    <Filter Include="Header Files\riscv64">
      <UniqueIdentifier>{955fa4fe-ce47-4728-83d3-01dd3dad3d77}</UniqueIdentifier>
    </Filter>
    <Filter Include="Header Files\power8">
      <UniqueIdentifier>{8d067ce1-d197-46e3-9d09-45e68d0ff67d}</UniqueIdentifier>
    </Filter>
    <Filter Include="Header Files\os">
      <UniqueIdentifier>{1c4697bf-be66-45ed-860b-30a4c303b6c4}</UniqueIdentifier>
    </Filter>
    <Filter Include="Header Files\noarch">
      <UniqueIdentifier>{0cca9877-2292-442e-b5dc-24c7190c6595}</UniqueIdentifier>
    </Filter>
    <Filter Include="Source Files\aarch64\sve">
      <UniqueIdentifier>{cde30a9e-5ea9-4538-9595-6e99e5e99fa0}</UniqueIdentifier>
    </Filter>
    <Filter Include="Source Files\riscv64">
      <UniqueIdentifier>{8ca20c2d-525e-4534-90ec-793b949cf65b}</UniqueIdentifier>
    </Filter>
    <Filter Include="Source Files\riscv64\rvv">
      <UniqueIdentifier>{bd06fb21-b719-405b-97f5-4331c0cdfa4d}</UniqueIdentifier>
    </Filter>
    <Filter Include="Source Files\power8">
      <UniqueIdentifier>{bfc9ef8b-42b6-4395-9f63-727597ae798e}</UniqueIdentifier>
    </Filter>
    <Filter Include="Source Files\power8\vsx">
      <UniqueIdentifier>{5210eefe-4583-49a3-8951-8a82fa1467c5}</UniqueIdentifier>
    </Filter>
    <Filter Include="Source Files\os">
      <UniqueIdentifier>{1df42be6-25ea-4cd6-bfc7-bc3828cd671c}</UniqueIdentifier>
    </Filter>
    <Filter Include="Source Files\noarch">
      <UniqueIdentifier>{3e2d1036-e6c1-46b2-aae6-64da81c995de}</UniqueIdentifier>
    </Filter>
  </ItemGroup>
  <ItemGroup>
    <ClInclude Include="..\..\source\aarch64\bridge_aarch64.h">
      <Filter>Header Files\aarch64</Filter>
    </ClInclude>
    <ClInclude Include="..\..\source\aarch64\koon_aarch64.h">
      <Filter>Header Files\aarch64</Filter>
    </ClInclude>
    <ClInclude Include="..\..\source\aarch64\parallel_aarch64.h">
      <Filter>Header Files\aarch64</Filter>
    </ClInclude>
    <ClInclude Include="..\..\source\aarch64\rbd_internal_aarch64.h">
      <Filter>Header Files\aarch64</Filter>
    </ClInclude>
    <ClInclude Include="..\..\source\aarch64\series_aarch64.h">
      <Filter>Header Files\aarch64</Filter>
    </ClInclude>
    <ClInclude Include="..\..\source\amd64\bridge_amd64.h">
      <Filter>Header Files\amd64</Filter>
    </ClInclude>
    <ClInclude Include="..\..\source\amd64\koon_amd64.h">
      <Filter>Header Files\amd64</Filter>
    </ClInclude>
    <ClInclude Include="..\..\source\amd64\parallel_amd64.h">
      <Filter>Header Files\amd64</Filter>
    </ClInclude>
    <ClInclude Include="..\..\source\amd64\rbd_internal_amd64.h">
      <Filter>Header Files\amd64</Filter>
    </ClInclude>
    <ClInclude Include="..\..\source\amd64\series_amd64.h">
      <Filter>Header Files\amd64</Filter>
    </ClInclude>
    <ClInclude Include="..\..\source\compiler\clang.h">
      <Filter>Header Files\compiler</Filter>
    </ClInclude>
    <ClInclude Include="..\..\source\compiler\compiler.h">
      <Filter>Header Files\compiler</Filter>
    </ClInclude>
    <ClInclude Include="..\..\source\compiler\gcc.h">
      <Filter>Header Files\compiler</Filter>
    </ClInclude>
    <ClInclude Include="..\..\source\compiler\vs.h">
      <Filter>Header Files\compiler</Filter>
    </ClInclude>
    <ClInclude Include="..\..\source\generic\architecture.h">
      <Filter>Header Files\generic</Filter>
    </ClInclude>
    <ClInclude Include="..\..\source\generic\binomial.h">
      <Filter>Header Files\generic</Filter>
    </ClInclude>
    <ClInclude Include="..\..\source\generic\combinations.h">
      <Filter>Header Files\generic</Filter>
    </ClInclude>
    <ClInclude Include="..\..\source\generic\rbd_internal_generic.h">
      <Filter>Header Files\generic</Filter>
    </ClInclude>
    <ClInclude Include="..\..\source\x86\bridge_x86.h">
      <Filter>Header Files\x86</Filter>
    </ClInclude>
    <ClInclude Include="..\..\source\x86\koon_x86.h">
      <Filter>Header Files\x86</Filter>
    </ClInclude>
    <ClInclude Include="..\..\source\x86\parallel_x86.h">
      <Filter>Header Files\x86</Filter>
    </ClInclude>
    <ClInclude Include="..\..\source\x86\rbd_internal_x86.h">
      <Filter>Header Files\x86</Filter>
    </ClInclude>
    <ClInclude Include="..\..\source\x86\series_x86.h">
      <Filter>Header Files\x86</Filter>
    </ClInclude>
    <ClInclude Include="..\..\source\bridge.h">
      <Filter>Header Files</Filter>
    </ClInclude>
    <ClInclude Include="..\..\source\koon.h">
      <Filter>Header Files</Filter>
    </ClInclude>
    <ClInclude Include="..\..\source\parallel.h">
      <Filter>Header Files</Filter>
    </ClInclude>
    <ClInclude Include="..\..\include\rbd.h">
      <Filter>Header Files</Filter>
    </ClInclude>
    <ClInclude Include="..\..\source\series.h">
      <Filter>Header Files</Filter>
    </ClInclude>
    <ClInclude Include="..\..\source\compiler\xlc.h">
      <Filter>Header Files\compiler</Filter>
    </ClInclude>
    <ClInclude Include="..\..\source\noarch\rbd_internal_noarch.h">
      <Filter>Header Files\noarch</Filter>
    </ClInclude>
    <ClInclude Include="..\..\source\os\os.h">
      <Filter>Header Files\os</Filter>
    </ClInclude>
    <ClInclude Include="..\..\source\power8\bridge_power8.h">
      <Filter>Header Files\power8</Filter>
    </ClInclude>
    <ClInclude Include="..\..\source\power8\koon_power8.h">
      <Filter>Header Files\power8</Filter>
    </ClInclude>
    <ClInclude Include="..\..\source\power8\parallel_power8.h">
      <Filter>Header Files\power8</Filter>
    </ClInclude>
    <ClInclude Include="..\..\source\power8\rbd_internal_power8.h">
      <Filter>Header Files\power8</Filter>
    </ClInclude>
    <ClInclude Include="..\..\source\power8\series_power8.h">
      <Filter>Header Files\power8</Filter>
    </ClInclude>
    <ClInclude Include="..\..\source\riscv64\bridge_riscv64.h">
      <Filter>Header Files\riscv64</Filter>
    </ClInclude>
    <ClInclude Include="..\..\source\riscv64\koon_riscv64.h">
      <Filter>Header Files\riscv64</Filter>
    </ClInclude>
    <ClInclude Include="..\..\source\riscv64\parallel_riscv64.h">
      <Filter>Header Files\riscv64</Filter>
    </ClInclude>
    <ClInclude Include="..\..\source\riscv64\rbd_internal_riscv64.h">
      <Filter>Header Files\riscv64</Filter>
    </ClInclude>
    <ClInclude Include="..\..\source\riscv64\series_riscv64.h">
      <Filter>Header Files\riscv64</Filter>
    </ClInclude>
  </ItemGroup>
  <ItemGroup>
    <ClCompile Include="..\..\source\aarch64\bridge_aarch64.c">
      <Filter>Source Files\aarch64</Filter>
    </ClCompile>
    <ClCompile Include="..\..\source\aarch64\koon_aarch64.c">
      <Filter>Source Files\aarch64</Filter>
    </ClCompile>
    <ClCompile Include="..\..\source\aarch64\parallel_aarch64.c">
      <Filter>Source Files\aarch64</Filter>
    </ClCompile>
    <ClCompile Include="..\..\source\aarch64\rbd_internal_aarch64.c">
      <Filter>Source Files\aarch64</Filter>
    </ClCompile>
    <ClCompile Include="..\..\source\aarch64\series_aarch64.c">
      <Filter>Source Files\aarch64</Filter>
    </ClCompile>
    <ClCompile Include="..\..\source\aarch64\neon\bridge_aarch64_neon.c">
      <Filter>Source Files\aarch64\neon</Filter>
    </ClCompile>
    <ClCompile Include="..\..\source\aarch64\neon\koon_aarch64_neon.c">
      <Filter>Source Files\aarch64\neon</Filter>
    </ClCompile>
    <ClCompile Include="..\..\source\aarch64\neon\parallel_aarch64_neon.c">
      <Filter>Source Files\aarch64\neon</Filter>
    </ClCompile>
    <ClCompile Include="..\..\source\aarch64\neon\series_aarch64_neon.c">
      <Filter>Source Files\aarch64\neon</Filter>
    </ClCompile>
    <ClCompile Include="..\..\source\amd64\bridge_amd64.c">
      <Filter>Source Files\amd64</Filter>
    </ClCompile>
    <ClCompile Include="..\..\source\amd64\koon_amd64.c">
      <Filter>Source Files\amd64</Filter>
    </ClCompile>
    <ClCompile Include="..\..\source\amd64\parallel_amd64.c">
      <Filter>Source Files\amd64</Filter>
    </ClCompile>
    <ClCompile Include="..\..\source\amd64\processor_amd64.c">
      <Filter>Source Files\amd64</Filter>
    </ClCompile>
    <ClCompile Include="..\..\source\amd64\rbd_internal_amd64.c">
      <Filter>Source Files\amd64</Filter>
    </ClCompile>
    <ClCompile Include="..\..\source\amd64\series_amd64.c">
      <Filter>Source Files\amd64</Filter>
    </ClCompile>
    <ClCompile Include="..\..\source\amd64\avx\bridge_amd64_avx.c">
      <Filter>Source Files\amd64\avx</Filter>
    </ClCompile>
    <ClCompile Include="..\..\source\amd64\avx\koon_amd64_avx.c">
      <Filter>Source Files\amd64\avx</Filter>
    </ClCompile>
    <ClCompile Include="..\..\source\amd64\avx\parallel_amd64_avx.c">
      <Filter>Source Files\amd64\avx</Filter>
    </ClCompile>
    <ClCompile Include="..\..\source\amd64\avx\series_amd64_avx.c">
      <Filter>Source Files\amd64\avx</Filter>
    </ClCompile>
    <ClCompile Include="..\..\source\amd64\avx512f\bridge_amd64_avx512f.c">
      <Filter>Source Files\amd64\avx512f</Filter>
    </ClCompile>
    <ClCompile Include="..\..\source\amd64\avx512f\koon_amd64_avx512f.c">
      <Filter>Source Files\amd64\avx512f</Filter>
    </ClCompile>
    <ClCompile Include="..\..\source\amd64\avx512f\parallel_amd64_avx512f.c">
      <Filter>Source Files\amd64\avx512f</Filter>
    </ClCompile>
    <ClCompile Include="..\..\source\amd64\avx512f\series_amd64_avx512f.c">
      <Filter>Source Files\amd64\avx512f</Filter>
    </ClCompile>
    <ClCompile Include="..\..\source\amd64\fma3\bridge_amd64_fma3.c">
      <Filter>Source Files\amd64\fma3</Filter>
    </ClCompile>
    <ClCompile Include="..\..\source\amd64\fma3\koon_amd64_fma3.c">
      <Filter>Source Files\amd64\fma3</Filter>
    </ClCompile>
    <ClCompile Include="..\..\source\amd64\fma3\parallel_amd64_fma3.c">
      <Filter>Source Files\amd64\fma3</Filter>
    </ClCompile>
    <ClCompile Include="..\..\source\compiler\clang.c">
      <Filter>Source Files\compiler</Filter>
    </ClCompile>
    <ClCompile Include="..\..\source\compiler\gcc.c">
      <Filter>Source Files\compiler</Filter>
    </ClCompile>
    <ClCompile Include="..\..\source\compiler\vs.c">
      <Filter>Source Files\compiler</Filter>
    </ClCompile>
    <ClCompile Include="..\..\source\generic\binomial.c">
      <Filter>Source Files\generic</Filter>
    </ClCompile>
    <ClCompile Include="..\..\source\generic\combinations.c">
      <Filter>Source Files\generic</Filter>
    </ClCompile>
    <ClCompile Include="..\..\source\generic\processor_generic.c">
      <Filter>Source Files\generic</Filter>
    </ClCompile>
    <ClCompile Include="..\..\source\generic\rbd_internal_generic.c">
      <Filter>Source Files\generic</Filter>
    </ClCompile>
    <ClCompile Include="..\..\source\x86\bridge_x86.c">
      <Filter>Source Files\x86</Filter>
    </ClCompile>
    <ClCompile Include="..\..\source\x86\koon_x86.c">
      <Filter>Source Files\x86</Filter>
    </ClCompile>
    <ClCompile Include="..\..\source\x86\parallel_x86.c">
      <Filter>Source Files\x86</Filter>
    </ClCompile>
    <ClCompile Include="..\..\source\x86\processor_x86.c">
      <Filter>Source Files\x86</Filter>
    </ClCompile>
    <ClCompile Include="..\..\source\x86\rbd_internal_x86.c">
      <Filter>Source Files\x86</Filter>
    </ClCompile>
    <ClCompile Include="..\..\source\x86\series_x86.c">
      <Filter>Source Files\x86</Filter>
    </ClCompile>
    <ClCompile Include="..\..\source\x86\sse2\bridge_x86_sse2.c">
      <Filter>Source Files\x86\sse2</Filter>
    </ClCompile>
    <ClCompile Include="..\..\source\x86\sse2\koon_x86_sse2.c">
      <Filter>Source Files\x86\sse2</Filter>
    </ClCompile>
    <ClCompile Include="..\..\source\x86\sse2\parallel_x86_sse2.c">
      <Filter>Source Files\x86\sse2</Filter>
    </ClCompile>
    <ClCompile Include="..\..\source\x86\sse2\series_x86_sse2.c">
      <Filter>Source Files\x86\sse2</Filter>
    </ClCompile>
    <ClCompile Include="..\..\source\bridge.c">
      <Filter>Source Files</Filter>
    </ClCompile>
    <ClCompile Include="..\..\source\koon.c">
      <Filter>Source Files</Filter>
    </ClCompile>
    <ClCompile Include="..\..\source\parallel.c">
      <Filter>Source Files</Filter>
    </ClCompile>
    <ClCompile Include="..\..\source\series.c">
      <Filter>Source Files</Filter>
    </ClCompile>
    <ClCompile Include="..\..\source\aarch64\processor_aarch64.c">
      <Filter>Source Files\aarch64</Filter>
    </ClCompile>
    <ClCompile Include="..\..\source\aarch64\sve\bridge_aarch64_sve.c">
      <Filter>Source Files\aarch64\sve</Filter>
    </ClCompile>
    <ClCompile Include="..\..\source\aarch64\sve\koon_aarch64_sve.c">
      <Filter>Source Files\aarch64\sve</Filter>
    </ClCompile>
    <ClCompile Include="..\..\source\aarch64\sve\parallel_aarch64_sve.c">
      <Filter>Source Files\aarch64\sve</Filter>
    </ClCompile>
    <ClCompile Include="..\..\source\aarch64\sve\series_aarch64_sve.c">
      <Filter>Source Files\aarch64\sve</Filter>
    </ClCompile>
    <ClCompile Include="..\..\source\compiler\xlc.c">
      <Filter>Source Files\compiler</Filter>
    </ClCompile>
    <ClCompile Include="..\..\source\noarch\bridge_noarch.c">
      <Filter>Source Files\noarch</Filter>
    </ClCompile>
    <ClCompile Include="..\..\source\noarch\koon_noarch.c">
      <Filter>Source Files\noarch</Filter>
    </ClCompile>
    <ClCompile Include="..\..\source\noarch\parallel_noarch.c">
      <Filter>Source Files\noarch</Filter>
    </ClCompile>
    <ClCompile Include="..\..\source\noarch\rbd_internal_noarch.c">
      <Filter>Source Files\noarch</Filter>
    </ClCompile>
    <ClCompile Include="..\..\source\noarch\series_noarch.c">
      <Filter>Source Files\noarch</Filter>
    </ClCompile>
    <ClCompile Include="..\..\source\os\linux.c">
      <Filter>Source Files\os</Filter>
    </ClCompile>
    <ClCompile Include="..\..\source\os\macos.c">
      <Filter>Source Files\os</Filter>
    </ClCompile>
    <ClCompile Include="..\..\source\os\unknown_os.c">
      <Filter>Source Files\os</Filter>
    </ClCompile>
    <ClCompile Include="..\..\source\os\windows.c">
      <Filter>Source Files\os</Filter>
    </ClCompile>
    <ClCompile Include="..\..\source\power8\vsx\bridge_power8_vsx.c">
      <Filter>Source Files\power8\vsx</Filter>
    </ClCompile>
    <ClCompile Include="..\..\source\power8\vsx\koon_power8_vsx.c">
      <Filter>Source Files\power8\vsx</Filter>
    </ClCompile>
    <ClCompile Include="..\..\source\power8\vsx\parallel_power8_vsx.c">
      <Filter>Source Files\power8\vsx</Filter>
    </ClCompile>
    <ClCompile Include="..\..\source\power8\vsx\series_power8_vsx.c">
      <Filter>Source Files\power8\vsx</Filter>
    </ClCompile>
    <ClCompile Include="..\..\source\power8\bridge_power8.c">
      <Filter>Source Files\power8</Filter>
    </ClCompile>
    <ClCompile Include="..\..\source\power8\koon_power8.c">
      <Filter>Source Files\power8</Filter>
    </ClCompile>
    <ClCompile Include="..\..\source\power8\parallel_power8.c">
      <Filter>Source Files\power8</Filter>
    </ClCompile>
    <ClCompile Include="..\..\source\power8\rbd_internal_power8.c">
      <Filter>Source Files\power8</Filter>
    </ClCompile>
    <ClCompile Include="..\..\source\power8\series_power8.c">
      <Filter>Source Files\power8</Filter>
    </ClCompile>
    <ClCompile Include="..\..\source\riscv64\rvv\bridge_riscv64_rvv.c">
      <Filter>Source Files\riscv64\rvv</Filter>
    </ClCompile>
    <ClCompile Include="..\..\source\riscv64\rvv\koon_riscv64_rvv.c">
      <Filter>Source Files\riscv64\rvv</Filter>
    </ClCompile>
    <ClCompile Include="..\..\source\riscv64\rvv\parallel_riscv64_rvv.c">
      <Filter>Source Files\riscv64\rvv</Filter>
    </ClCompile>
    <ClCompile Include="..\..\source\riscv64\rvv\series_riscv64_rvv.c">
      <Filter>Source Files\riscv64\rvv</Filter>
    </ClCompile>
    <ClCompile Include="..\..\source\riscv64\bridge_riscv64.c">
      <Filter>Source Files\riscv64</Filter>
    </ClCompile>
    <ClCompile Include="..\..\source\riscv64\koon_riscv64.c">
      <Filter>Source Files\riscv64</Filter>
    </ClCompile>
    <ClCompile Include="..\..\source\riscv64\parallel_riscv64.c">
      <Filter>Source Files\riscv64</Filter>
    </ClCompile>
    <ClCompile Include="..\..\source\riscv64\processor_riscv64.c">
      <Filter>Source Files\riscv64</Filter>
    </ClCompile>
    <ClCompile Include="..\..\source\riscv64\rbd_internal_riscv64.c">
      <Filter>Source Files\riscv64</Filter>
    </ClCompile>
    <ClCompile Include="..\..\source\riscv64\series_riscv64.c">
      <Filter>Source Files\riscv64</Filter>
    </ClCompile>
  </ItemGroup>
</Project>