
Microsoft Visual Studio Solution File, Format Version 12.00
# Visual Studio Version 17
VisualStudioVersion = 17.12.35527.113
MinimumVisualStudioVersion = 10.0.40219.1
Project("{8BC9CEB8-8B4A-11D0-8D11-00A0C91BC942}") = "Static", "Static\Static.vcxproj", "{5B4F9C50-A5A2-44E1-9CD7-802FCEC51EBD}"
EndProject
Project("{8BC9CEB8-8B4A-11D0-8D11-00A0C91BC942}") = "Dynamic", "Dynamic\Dynamic.vcxproj", "{326D9B1F-A135-46B9-A0F3-18EFC3D3A7D6}"
EndProject
Project("{8BC9CEB8-8B4A-11D0-8D11-00A0C91BC942}") = "Test", "Test\Test.vcxproj", "{A2117A56-A6E7-464C-85F2-EC79D3EF80C4}"
EndProject
Global
	GlobalSection(SolutionConfigurationPlatforms) = preSolution
		Debug|x64 = Debug|x64
		Debug|x86 = Debug|x86
		Release|x64 = Release|x64
		Release|x86 = Release|x86
	EndGlobalSection
	GlobalSection(ProjectConfigurationPlatforms) = postSolution
		{5B4F9C50-A5A2-44E1-9CD7-802FCEC51EBD}.Debug|x64.ActiveCfg = Debug|x64
		{5B4F9C50-A5A2-44E1-9CD7-802FCEC51EBD}.Debug|x64.Build.0 = Debug|x64
		{5B4F9C50-A5A2-44E1-9CD7-802FCEC51EBD}.Debug|x86.ActiveCfg = Debug|Win32
		{5B4F9C50-A5A2-44E1-9CD7-802FCEC51EBD}.Debug|x86.Build.0 = Debug|Win32
		{5B4F9C50-A5A2-44E1-9CD7-802FCEC51EBD}.Release|x64.ActiveCfg = Release|x64
		{5B4F9C50-A5A2-44E1-9CD7-802FCEC51EBD}.Release|x64.Build.0 = Release|x64
		{5B4F9C50-A5A2-44E1-9CD7-802FCEC51EBD}.Release|x86.ActiveCfg = Release|Win32
		{5B4F9C50-A5A2-44E1-9CD7-802FCEC51EBD}.Release|x86.Build.0 = Release|Win32
		{326D9B1F-A135-46B9-A0F3-18EFC3D3A7D6}.Debug|x64.ActiveCfg = Debug|x64
		{326D9B1F-A135-46B9-A0F3-18EFC3D3A7D6}.Debug|x64.Build.0 = Debug|x64
		{326D9B1F-A135-46B9-A0F3-18EFC3D3A7D6}.Debug|x86.ActiveCfg = Debug|Win32
		{326D9B1F-A135-46B9-A0F3-18EFC3D3A7D6}.Debug|x86.Build.0 = Debug|Win32
		{326D9B1F-A135-46B9-A0F3-18EFC3D3A7D6}.Release|x64.ActiveCfg = Release|x64
		{326D9B1F-A135-46B9-A0F3-18EFC3D3A7D6}.Release|x64.Build.0 = Release|x64
		{326D9B1F-A135-46B9-A0F3-18EFC3D3A7D6}.Release|x86.ActiveCfg = Release|Win32
		{326D9B1F-A135-46B9-A0F3-18EFC3D3A7D6}.Release|x86.Build.0 = Release|Win32
		{A2117A56-A6E7-464C-85F2-EC79D3EF80C4}.Debug|x64.ActiveCfg = Debug|x64
		{A2117A56-A6E7-464C-85F2-EC79D3EF80C4}.Debug|x64.Build.0 = Debug|x64
		{A2117A56-A6E7-464C-85F2-EC79D3EF80C4}.Debug|x86.ActiveCfg = Debug|Win32
		{A2117A56-A6E7-464C-85F2-EC79D3EF80C4}.Debug|x86.Build.0 = Debug|Win32
		{A2117A56-A6E7-464C-85F2-EC79D3EF80C4}.Release|x64.ActiveCfg = Release|x64
		{A2117A56-A6E7-464C-85F2-EC79D3EF80C4}.Release|x64.Build.0 = Release|x64
		{A2117A56-A6E7-464C-85F2-EC79D3EF80C4}.Release|x86.ActiveCfg = Release|Win32
		{A2117A56-A6E7-464C-85F2-EC79D3EF80C4}.Release|x86.Build.0 = Release|Win32
	EndGlobalSection
	GlobalSection(SolutionProperties) = preSolution
		HideSolutionNode = FALSE
	EndGlobalSection
EndGlobal
